
Microsoft Visual Studio Solution File, Format Version 12.00
# Visual Studio 15
VisualStudioVersion = 15.0.28010.2026
MinimumVisualStudioVersion = 10.0.40219.1
Project("{FAE04EC0-301F-11D3-BF4B-00C04F79EFBC}") = "game_version_02", "game_version_02\game_version_02.csproj", "{64C48528-D5F1-4779-A866-FFEE9E9ACEA2}"
EndProject
Global
	GlobalSection(SolutionConfigurationPlatforms) = preSolution
		Debug|Any CPU = Debug|Any CPU
		Release|Any CPU = Release|Any CPU
	EndGlobalSection
	GlobalSection(ProjectConfigurationPlatforms) = postSolution
		{64C48528-D5F1-4779-A866-FFEE9E9ACEA2}.Debug|Any CPU.ActiveCfg = Debug|Any CPU
		{64C48528-D5F1-4779-A866-FFEE9E9ACEA2}.Debug|Any CPU.Build.0 = Debug|Any CPU
		{64C48528-D5F1-4779-A866-FFEE9E9ACEA2}.Release|Any CPU.ActiveCfg = Release|Any CPU
		{64C48528-D5F1-4779-A866-FFEE9E9ACEA2}.Release|Any CPU.Build.0 = Release|Any CPU
	EndGlobalSection
	GlobalSection(SolutionProperties) = preSolution
		HideSolutionNode = FALSE
	EndGlobalSection
	GlobalSection(ExtensibilityGlobals) = postSolution
		SolutionGuid = {1FE9EFB1-53F7-4514-8080-8C49E8CA6B1C}
	EndGlobalSection
EndGlobal
