
Microsoft Visual Studio Solution File, Format Version 12.00
# Visual Studio 15
VisualStudioVersion = 15.0.28010.2026
MinimumVisualStudioVersion = 10.0.40219.1
Project("{FAE04EC0-301F-11D3-BF4B-00C04F79EFBC}") = "q12_bool_short_circuit", "q12_bool_short_circuit\q12_bool_short_circuit.csproj", "{370EB35B-774B-4AF5-9D4C-A95C94B1C330}"
EndProject
Global
	GlobalSection(SolutionConfigurationPlatforms) = preSolution
		Debug|Any CPU = Debug|Any CPU
		Release|Any CPU = Release|Any CPU
	EndGlobalSection
	GlobalSection(ProjectConfigurationPlatforms) = postSolution
		{370EB35B-774B-4AF5-9D4C-A95C94B1C330}.Debug|Any CPU.ActiveCfg = Debug|Any CPU
		{370EB35B-774B-4AF5-9D4C-A95C94B1C330}.Debug|Any CPU.Build.0 = Debug|Any CPU
		{370EB35B-774B-4AF5-9D4C-A95C94B1C330}.Release|Any CPU.ActiveCfg = Release|Any CPU
		{370EB35B-774B-4AF5-9D4C-A95C94B1C330}.Release|Any CPU.Build.0 = Release|Any CPU
	EndGlobalSection
	GlobalSection(SolutionProperties) = preSolution
		HideSolutionNode = FALSE
	EndGlobalSection
	GlobalSection(ExtensibilityGlobals) = postSolution
		SolutionGuid = {F97F727A-30A0-4394-A656-CCD781333E60}
	EndGlobalSection
EndGlobal
