
Microsoft Visual Studio Solution File, Format Version 12.00
# Visual Studio 15
VisualStudioVersion = 15.0.28010.2026
MinimumVisualStudioVersion = 10.0.40219.1
Project("{FAE04EC0-301F-11D3-BF4B-00C04F79EFBC}") = "program_07", "program_07\program_07.csproj", "{12867C54-F72D-4251-80AD-0AEF7BDA1B7D}"
EndProject
Global
	GlobalSection(SolutionConfigurationPlatforms) = preSolution
		Debug|Any CPU = Debug|Any CPU
		Release|Any CPU = Release|Any CPU
	EndGlobalSection
	GlobalSection(ProjectConfigurationPlatforms) = postSolution
		{12867C54-F72D-4251-80AD-0AEF7BDA1B7D}.Debug|Any CPU.ActiveCfg = Debug|Any CPU
		{12867C54-F72D-4251-80AD-0AEF7BDA1B7D}.Debug|Any CPU.Build.0 = Debug|Any CPU
		{12867C54-F72D-4251-80AD-0AEF7BDA1B7D}.Release|Any CPU.ActiveCfg = Release|Any CPU
		{12867C54-F72D-4251-80AD-0AEF7BDA1B7D}.Release|Any CPU.Build.0 = Release|Any CPU
	EndGlobalSection
	GlobalSection(SolutionProperties) = preSolution
		HideSolutionNode = FALSE
	EndGlobalSection
	GlobalSection(ExtensibilityGlobals) = postSolution
		SolutionGuid = {37CBD6B3-15E3-4EEB-A025-6DB4FD18CA18}
	EndGlobalSection
EndGlobal
